// !$*UTF8*$!
{
	archiveVersion = 1;
	classes = {
	};
	objectVersion = 46;
	objects = {

/* Begin PBXBuildFile section */
		2C6D3E191BC8CF71008824D4 /* AppDelegate.swift in Sources */ = {isa = PBXBuildFile; fileRef = 2C6D3E181BC8CF71008824D4 /* AppDelegate.swift */; };
		2C6D3E1B1BC8CF71008824D4 /* ViewController.swift in Sources */ = {isa = PBXBuildFile; fileRef = 2C6D3E1A1BC8CF71008824D4 /* ViewController.swift */; };
		2C6D3E1E1BC8CF71008824D4 /* Main.storyboard in Resources */ = {isa = PBXBuildFile; fileRef = 2C6D3E1C1BC8CF71008824D4 /* Main.storyboard */; };
		2C6D3E201BC8CF71008824D4 /* Assets.xcassets in Resources */ = {isa = PBXBuildFile; fileRef = 2C6D3E1F1BC8CF71008824D4 /* Assets.xcassets */; };
		2C6D3E231BC8CF71008824D4 /* LaunchScreen.storyboard in Resources */ = {isa = PBXBuildFile; fileRef = 2C6D3E211BC8CF71008824D4 /* LaunchScreen.storyboard */; };
		2C6D3E2B1BC9A3A7008824D4 /* TabBarViewController.swift in Sources */ = {isa = PBXBuildFile; fileRef = 2C6D3E2A1BC9A3A7008824D4 /* TabBarViewController.swift */; settings = {ASSET_TAGS = (); }; };
		2C6D3E2D1BC9A48C008824D4 /* HomeViewController.swift in Sources */ = {isa = PBXBuildFile; fileRef = 2C6D3E2C1BC9A48C008824D4 /* HomeViewController.swift */; settings = {ASSET_TAGS = (); }; };
		2C6D3E2F1BC9A4AD008824D4 /* SearchViewController.swift in Sources */ = {isa = PBXBuildFile; fileRef = 2C6D3E2E1BC9A4AD008824D4 /* SearchViewController.swift */; settings = {ASSET_TAGS = (); }; };
		2C6D3E311BC9A4B8008824D4 /* ComposeViewController.swift in Sources */ = {isa = PBXBuildFile; fileRef = 2C6D3E301BC9A4B8008824D4 /* ComposeViewController.swift */; settings = {ASSET_TAGS = (); }; };
		2C6D3E331BC9A4BD008824D4 /* AccountViewController.swift in Sources */ = {isa = PBXBuildFile; fileRef = 2C6D3E321BC9A4BD008824D4 /* AccountViewController.swift */; settings = {ASSET_TAGS = (); }; };
		2C6D3E351BC9A4C3008824D4 /* TrendingViewController.swift in Sources */ = {isa = PBXBuildFile; fileRef = 2C6D3E341BC9A4C3008824D4 /* TrendingViewController.swift */; settings = {ASSET_TAGS = (); }; };
/* End PBXBuildFile section */

/* Begin PBXFileReference section */
		2C6D3E151BC8CF71008824D4 /* Tumblr.app */ = {isa = PBXFileReference; explicitFileType = wrapper.application; includeInIndex = 0; path = Tumblr.app; sourceTree = BUILT_PRODUCTS_DIR; };
		2C6D3E181BC8CF71008824D4 /* AppDelegate.swift */ = {isa = PBXFileReference; lastKnownFileType = sourcecode.swift; path = AppDelegate.swift; sourceTree = "<group>"; };
		2C6D3E1A1BC8CF71008824D4 /* ViewController.swift */ = {isa = PBXFileReference; lastKnownFileType = sourcecode.swift; path = ViewController.swift; sourceTree = "<group>"; };
		2C6D3E1D1BC8CF71008824D4 /* Base */ = {isa = PBXFileReference; lastKnownFileType = file.storyboard; name = Base; path = Base.lproj/Main.storyboard; sourceTree = "<group>"; };
		2C6D3E1F1BC8CF71008824D4 /* Assets.xcassets */ = {isa = PBXFileReference; lastKnownFileType = folder.assetcatalog; path = Assets.xcassets; sourceTree = "<group>"; };
		2C6D3E221BC8CF71008824D4 /* Base */ = {isa = PBXFileReference; lastKnownFileType = file.storyboard; name = Base; path = Base.lproj/LaunchScreen.storyboard; sourceTree = "<group>"; };
		2C6D3E241BC8CF71008824D4 /* Info.plist */ = {isa = PBXFileReference; lastKnownFileType = text.plist.xml; path = Info.plist; sourceTree = "<group>"; };
		2C6D3E2A1BC9A3A7008824D4 /* TabBarViewController.swift */ = {isa = PBXFileReference; fileEncoding = 4; lastKnownFileType = sourcecode.swift; path = TabBarViewController.swift; sourceTree = "<group>"; };
		2C6D3E2C1BC9A48C008824D4 /* HomeViewController.swift */ = {isa = PBXFileReference; fileEncoding = 4; lastKnownFileType = sourcecode.swift; path = HomeViewController.swift; sourceTree = "<group>"; };
		2C6D3E2E1BC9A4AD008824D4 /* SearchViewController.swift */ = {isa = PBXFileReference; fileEncoding = 4; lastKnownFileType = sourcecode.swift; path = SearchViewController.swift; sourceTree = "<group>"; };
		2C6D3E301BC9A4B8008824D4 /* ComposeViewController.swift */ = {isa = PBXFileReference; fileEncoding = 4; lastKnownFileType = sourcecode.swift; path = ComposeViewController.swift; sourceTree = "<group>"; };
		2C6D3E321BC9A4BD008824D4 /* AccountViewController.swift */ = {isa = PBXFileReference; fileEncoding = 4; lastKnownFileType = sourcecode.swift; path = AccountViewController.swift; sourceTree = "<group>"; };
		2C6D3E341BC9A4C3008824D4 /* TrendingViewController.swift */ = {isa = PBXFileReference; fileEncoding = 4; lastKnownFileType = sourcecode.swift; path = TrendingViewController.swift; sourceTree = "<group>"; };
/* End PBXFileReference section */

/* Begin PBXFrameworksBuildPhase section */
		2C6D3E121BC8CF71008824D4 /* Frameworks */ = {
			isa = PBXFrameworksBuildPhase;
			buildActionMask = 2147483647;
			files = (
			);
			runOnlyForDeploymentPostprocessing = 0;
		};
/* End PBXFrameworksBuildPhase section */

/* Begin PBXGroup section */
		2C6D3E0C1BC8CF71008824D4 = {
			isa = PBXGroup;
			children = (
				2C6D3E171BC8CF71008824D4 /* Tumblr */,
				2C6D3E161BC8CF71008824D4 /* Products */,
			);
			sourceTree = "<group>";
		};
		2C6D3E161BC8CF71008824D4 /* Products */ = {
			isa = PBXGroup;
			children = (
				2C6D3E151BC8CF71008824D4 /* Tumblr.app */,
			);
			name = Products;
			sourceTree = "<group>";
		};
		2C6D3E171BC8CF71008824D4 /* Tumblr */ = {
			isa = PBXGroup;
			children = (
				2C6D3E181BC8CF71008824D4 /* AppDelegate.swift */,
				2C6D3E1A1BC8CF71008824D4 /* ViewController.swift */,
				2C6D3E1C1BC8CF71008824D4 /* Main.storyboard */,
				2C6D3E2E1BC9A4AD008824D4 /* SearchViewController.swift */,
				2C6D3E301BC9A4B8008824D4 /* ComposeViewController.swift */,
				2C6D3E321BC9A4BD008824D4 /* AccountViewController.swift */,
				2C6D3E341BC9A4C3008824D4 /* TrendingViewController.swift */,
				2C6D3E2C1BC9A48C008824D4 /* HomeViewController.swift */,
				2C6D3E2A1BC9A3A7008824D4 /* TabBarViewController.swift */,
				2C6D3E1F1BC8CF71008824D4 /* Assets.xcassets */,
				2C6D3E211BC8CF71008824D4 /* LaunchScreen.storyboard */,
				2C6D3E241BC8CF71008824D4 /* Info.plist */,
			);
			path = Tumblr;
			sourceTree = "<group>";
		};
/* End PBXGroup section */

/* Begin PBXNativeTarget section */
		2C6D3E141BC8CF71008824D4 /* Tumblr */ = {
			isa = PBXNativeTarget;
			buildConfigurationList = 2C6D3E271BC8CF71008824D4 /* Build configuration list for PBXNativeTarget "Tumblr" */;
			buildPhases = (
				2C6D3E111BC8CF71008824D4 /* Sources */,
				2C6D3E121BC8CF71008824D4 /* Frameworks */,
				2C6D3E131BC8CF71008824D4 /* Resources */,
			);
			buildRules = (
			);
			dependencies = (
			);
			name = Tumblr;
			productName = Tumblr;
			productReference = 2C6D3E151BC8CF71008824D4 /* Tumblr.app */;
			productType = "com.apple.product-type.application";
		};
/* End PBXNativeTarget section */

/* Begin PBXProject section */
		2C6D3E0D1BC8CF71008824D4 /* Project object */ = {
			isa = PBXProject;
			attributes = {
				LastUpgradeCheck = 0700;
				ORGANIZATIONNAME = "James Taylor";
				TargetAttributes = {
					2C6D3E141BC8CF71008824D4 = {
						CreatedOnToolsVersion = 7.0.1;
					};
				};
			};
			buildConfigurationList = 2C6D3E101BC8CF71008824D4 /* Build configuration list for PBXProject "Tumblr" */;
			compatibilityVersion = "Xcode 3.2";
			developmentRegion = English;
			hasScannedForEncodings = 0;
			knownRegions = (
				en,
				Base,
			);
			mainGroup = 2C6D3E0C1BC8CF71008824D4;
			productRefGroup = 2C6D3E161BC8CF71008824D4 /* Products */;
			projectDirPath = "";
			projectRoot = "";
			targets = (
				2C6D3E141BC8CF71008824D4 /* Tumblr */,
			);
		};
/* End PBXProject section */

/* Begin PBXResourcesBuildPhase section */
		2C6D3E131BC8CF71008824D4 /* Resources */ = {
			isa = PBXResourcesBuildPhase;
			buildActionMask = 2147483647;
			files = (
				2C6D3E231BC8CF71008824D4 /* LaunchScreen.storyboard in Resources */,
				2C6D3E201BC8CF71008824D4 /* Assets.xcassets in Resources */,
				2C6D3E1E1BC8CF71008824D4 /* Main.storyboard in Resources */,
			);
			runOnlyForDeploymentPostprocessing = 0;
		};
/* End PBXResourcesBuildPhase section */

/* Begin PBXSourcesBuildPhase section */
		2C6D3E111BC8CF71008824D4 /* Sources */ = {
			isa = PBXSourcesBuildPhase;
			buildActionMask = 2147483647;
			files = (
				2C6D3E2F1BC9A4AD008824D4 /* SearchViewController.swift in Sources */,
				2C6D3E351BC9A4C3008824D4 /* TrendingViewController.swift in Sources */,
				2C6D3E1B1BC8CF71008824D4 /* ViewController.swift in Sources */,
				2C6D3E331BC9A4BD008824D4 /* AccountViewController.swift in Sources */,
				2C6D3E2B1BC9A3A7008824D4 /* TabBarViewController.swift in Sources */,
				2C6D3E311BC9A4B8008824D4 /* ComposeViewController.swift in Sources */,
				2C6D3E191BC8CF71008824D4 /* AppDelegate.swift in Sources */,
				2C6D3E2D1BC9A48C008824D4 /* HomeViewController.swift in Sources */,
			);
			runOnlyForDeploymentPostprocessing = 0;
		};
/* End PBXSourcesBuildPhase section */

/* Begin PBXVariantGroup section */
		2C6D3E1C1BC8CF71008824D4 /* Main.storyboard */ = {
			isa = PBXVariantGroup;
			children = (
				2C6D3E1D1BC8CF71008824D4 /* Base */,
			);
			name = Main.storyboard;
			sourceTree = "<group>";
		};
		2C6D3E211BC8CF71008824D4 /* LaunchScreen.storyboard */ = {
			isa = PBXVariantGroup;
			children = (
				2C6D3E221BC8CF71008824D4 /* Base */,
			);
			name = LaunchScreen.storyboard;
			sourceTree = "<group>";
		};
/* End PBXVariantGroup section */

/* Begin XCBuildConfiguration section */
		2C6D3E251BC8CF71008824D4 /* Debug */ = {
			isa = XCBuildConfiguration;
			buildSettings = {
				ALWAYS_SEARCH_USER_PATHS = NO;
				CLANG_CXX_LANGUAGE_STANDARD = "gnu++0x";
				CLANG_CXX_LIBRARY = "libc++";
				CLANG_ENABLE_MODULES = YES;
				CLANG_ENABLE_OBJC_ARC = YES;
				CLANG_WARN_BOOL_CONVERSION = YES;
				CLANG_WARN_CONSTANT_CONVERSION = YES;
				CLANG_WARN_DIRECT_OBJC_ISA_USAGE = YES_ERROR;
				CLANG_WARN_EMPTY_BODY = YES;
				CLANG_WARN_ENUM_CONVERSION = YES;
				CLANG_WARN_INT_CONVERSION = YES;
				CLANG_WARN_OBJC_ROOT_CLASS = YES_ERROR;
				CLANG_WARN_UNREACHABLE_CODE = YES;
				CLANG_WARN__DUPLICATE_METHOD_MATCH = YES;
				"CODE_SIGN_IDENTITY[sdk=iphoneos*]" = "iPhone Developer";
				COPY_PHASE_STRIP = NO;
				DEBUG_INFORMATION_FORMAT = dwarf;
				ENABLE_STRICT_OBJC_MSGSEND = YES;
				ENABLE_TESTABILITY = YES;
				GCC_C_LANGUAGE_STANDARD = gnu99;
				GCC_DYNAMIC_NO_PIC = NO;
				GCC_NO_COMMON_BLOCKS = YES;
				GCC_OPTIMIZATION_LEVEL = 0;
				GCC_PREPROCESSOR_DEFINITIONS = (
					"DEBUG=1",
					"$(inherited)",
				);
				GCC_WARN_64_TO_32_BIT_CONVERSION = YES;
				GCC_WARN_ABOUT_RETURN_TYPE = YES_ERROR;
				GCC_WARN_UNDECLARED_SELECTOR = YES;
				GCC_WARN_UNINITIALIZED_AUTOS = YES_AGGRESSIVE;
				GCC_WARN_UNUSED_FUNCTION = YES;
				GCC_WARN_UNUSED_VARIABLE = YES;
				IPHONEOS_DEPLOYMENT_TARGET = 9.0;
				MTL_ENABLE_DEBUG_INFO = YES;
				ONLY_ACTIVE_ARCH = YES;
				SDKROOT = iphoneos;
				SWIFT_OPTIMIZATION_LEVEL = "-Onone";
			};
			name = Debug;
		};
		2C6D3E261BC8CF71008824D4 /* Release */ = {
			isa = XCBuildConfiguration;
			buildSettings = {
				ALWAYS_SEARCH_USER_PATHS = NO;
				CLANG_CXX_LANGUAGE_STANDARD = "gnu++0x";
				CLANG_CXX_LIBRARY = "libc++";
				CLANG_ENABLE_MODULES = YES;
				CLANG_ENABLE_OBJC_ARC = YES;
				CLANG_WARN_BOOL_CONVERSION = YES;
				CLANG_WARN_CONSTANT_CONVERSION = YES;
				CLANG_WARN_DIRECT_OBJC_ISA_USAGE = YES_ERROR;
				CLANG_WARN_EMPTY_BODY = YES;
				CLANG_WARN_ENUM_CONVERSION = YES;
				CLANG_WARN_INT_CONVERSION = YES;
				CLANG_WARN_OBJC_ROOT_CLASS = YES_ERROR;
				CLANG_WARN_UNREACHABLE_CODE = YES;
				CLANG_WARN__DUPLICATE_METHOD_MATCH = YES;
				"CODE_SIGN_IDENTITY[sdk=iphoneos*]" = "iPhone Developer";
				COPY_PHASE_STRIP = NO;
				DEBUG_INFORMATION_FORMAT = "dwarf-with-dsym";
				ENABLE_NS_ASSERTIONS = NO;
				ENABLE_STRICT_OBJC_MSGSEND = YES;
				GCC_C_LANGUAGE_STANDARD = gnu99;
				GCC_NO_COMMON_BLOCKS = YES;
				GCC_WARN_64_TO_32_BIT_CONVERSION = YES;
				GCC_WARN_ABOUT_RETURN_TYPE = YES_ERROR;
				GCC_WARN_UNDECLARED_SELECTOR = YES;
				GCC_WARN_UNINITIALIZED_AUTOS = YES_AGGRESSIVE;
				GCC_WARN_UNUSED_FUNCTION = YES;
				GCC_WARN_UNUSED_VARIABLE = YES;
				IPHONEOS_DEPLOYMENT_TARGET = 9.0;
				MTL_ENABLE_DEBUG_INFO = NO;
				SDKROOT = iphoneos;
				VALIDATE_PRODUCT = YES;
			};
			name = Release;
		};
		2C6D3E281BC8CF71008824D4 /* Debug */ = {
			isa = XCBuildConfiguration;
			buildSettings = {
				ASSETCATALOG_COMPILER_APPICON_NAME = AppIcon;
				INFOPLIST_FILE = Tumblr/Info.plist;
				LD_RUNPATH_SEARCH_PATHS = "$(inherited) @executable_path/Frameworks";
				PRODUCT_BUNDLE_IDENTIFIER = jt.Tumblr;
				PRODUCT_NAME = "$(TARGET_NAME)";
			};
			name = Debug;
		};
		2C6D3E291BC8CF71008824D4 /* Release */ = {
			isa = XCBuildConfiguration;
			buildSettings = {
				ASSETCATALOG_COMPILER_APPICON_NAME = AppIcon;
				INFOPLIST_FILE = Tumblr/Info.plist;
				LD_RUNPATH_SEARCH_PATHS = "$(inherited) @executable_path/Frameworks";
				PRODUCT_BUNDLE_IDENTIFIER = jt.Tumblr;
				PRODUCT_NAME = "$(TARGET_NAME)";
			};
			name = Release;
		};
/* End XCBuildConfiguration section */

/* Begin XCConfigurationList section */
		2C6D3E101BC8CF71008824D4 /* Build configuration list for PBXProject "Tumblr" */ = {
			isa = XCConfigurationList;
			buildConfigurations = (
				2C6D3E251BC8CF71008824D4 /* Debug */,
				2C6D3E261BC8CF71008824D4 /* Release */,
			);
			defaultConfigurationIsVisible = 0;
			defaultConfigurationName = Release;
		};
		2C6D3E271BC8CF71008824D4 /* Build configuration list for PBXNativeTarget "Tumblr" */ = {
			isa = XCConfigurationList;
			buildConfigurations = (
				2C6D3E281BC8CF71008824D4 /* Debug */,
				2C6D3E291BC8CF71008824D4 /* Release */,
			);
			defaultConfigurationIsVisible = 0;
			defaultConfigurationName = Release;
		};
/* End XCConfigurationList section */
	};
	rootObject = 2C6D3E0D1BC8CF71008824D4 /* Project object */;
}
